{
  "nodes": {
    "nixpkgs": {
      "locked": {
        "lastModified": 1717796257,
        "narHash": "sha256-D4xlab+mYca/tAY+uRCTw6943ux6yRZ9+ClgRvTS3fs=",
        "owner": "NixOS",
        "repo": "nixpkgs",
        "rev": "2b1bdb8c2c753a6a8492b3f1ed6c5e1870a6dcbd",
        "type": "github"
      },
      "original": {
        "owner": "NixOS",
        "repo": "nixpkgs",
        "type": "github"
      }
    },
    "root": {
      "inputs": {
        "nixpkgs": "nixpkgs"
      }
    }
  },
  "root": "root",
  "version": 7
}
